schema: '2.0'
stages:
  load_dataset:
    cmd: python src/data/load_dataset.py --config=params.yaml
    deps:
    - path: data/initial/labeled.csv
      md5: 5719a02d98c3bcc19caa03d3bf48eebc
      size: 63399110
    - path: src/data/load_dataset.py
      md5: a06b899e6a2b23cb2fee793447d161c1
      size: 626
    - path: src/utils.py
      md5: 166d2649f7ed8166667926ce8b8beffb
      size: 502
    outs:
    - path: data/raw/data.csv
      md5: 5719a02d98c3bcc19caa03d3bf48eebc
      size: 63399110
  clean_dataset:
    cmd: python src/data/clean_dataset.py --config=params.yaml
    deps:
    - path: data/raw/data.csv
      md5: 5719a02d98c3bcc19caa03d3bf48eebc
      size: 63399110
    - path: src/data/clean_dataset.py
      md5: 469ef4183169251db6955c7426675e63
      size: 1138
    - path: src/data/preprocessing.py
      md5: 1a4c52f5f5e3eeaebb752d4750ac49ae
      size: 3842
    - path: src/utils.py
      md5: 166d2649f7ed8166667926ce8b8beffb
      size: 502
    outs:
    - path: data/interim/data_clean.csv
      md5: 1c9e92dc445c2c912040103eca5489dc
      size: 36933501
  build_features:
    cmd: python src/features/build_features.py --config=params.yaml
    deps:
    - path: data/interim/data_clean.csv
      md5: 1c9e92dc445c2c912040103eca5489dc
      size: 36933501
    - path: src/features/build_features.py
      md5: 18ac21133f6df65c73ab2d916ad406d9
      size: 1990
    - path: src/utils.py
      md5: 166d2649f7ed8166667926ce8b8beffb
      size: 502
    outs:
    - path: data/interim/data_features.csv
      md5: 9d8b4784ca0516279dcc4e2f4effb538
      size: 87242197
